
Microsoft Visual Studio Solution File, Format Version 12.00
# Visual Studio Version 17
VisualStudioVersion = 17.4.33213.308
MinimumVisualStudioVersion = 10.0.40219.1
Project("{FAE04EC0-301F-11D3-BF4B-00C04F79EFBC}") = "PracticaEntrys.Android", "PracticaEntrys\PracticaEntrys.Android\PracticaEntrys.Android.csproj", "{3518E8F1-3951-48BC-BE46-71C38150ECCC}"
EndProject
Project("{FAE04EC0-301F-11D3-BF4B-00C04F79EFBC}") = "PracticaEntrys.iOS", "PracticaEntrys\PracticaEntrys.iOS\PracticaEntrys.iOS.csproj", "{D840CA7B-D47F-4992-A430-8D40945039A8}"
EndProject
Project("{FAE04EC0-301F-11D3-BF4B-00C04F79EFBC}") = "PracticaEntrys", "PracticaEntrys\PracticaEntrys\PracticaEntrys.csproj", "{691A89D6-EC7C-4BF6-96B9-CACA7543F015}"
EndProject
Global
	GlobalSection(SolutionConfigurationPlatforms) = preSolution
		Debug|Any CPU = Debug|Any CPU
		Debug|iPhone = Debug|iPhone
		Debug|iPhoneSimulator = Debug|iPhoneSimulator
		Release|Any CPU = Release|Any CPU
		Release|iPhone = Release|iPhone
		Release|iPhoneSimulator = Release|iPhoneSimulator
	EndGlobalSection
	GlobalSection(ProjectConfigurationPlatforms) = postSolution
		{3518E8F1-3951-48BC-BE46-71C38150ECCC}.Debug|Any CPU.ActiveCfg = Debug|Any CPU
		{3518E8F1-3951-48BC-BE46-71C38150ECCC}.Debug|Any CPU.Build.0 = Debug|Any CPU
		{3518E8F1-3951-48BC-BE46-71C38150ECCC}.Debug|Any CPU.Deploy.0 = Debug|Any CPU
		{3518E8F1-3951-48BC-BE46-71C38150ECCC}.Debug|iPhone.ActiveCfg = Debug|Any CPU
		{3518E8F1-3951-48BC-BE46-71C38150ECCC}.Debug|iPhone.Build.0 = Debug|Any CPU
		{3518E8F1-3951-48BC-BE46-71C38150ECCC}.Debug|iPhone.Deploy.0 = Debug|Any CPU
		{3518E8F1-3951-48BC-BE46-71C38150ECCC}.Debug|iPhoneSimulator.ActiveCfg = Debug|Any CPU
		{3518E8F1-3951-48BC-BE46-71C38150ECCC}.Debug|iPhoneSimulator.Build.0 = Debug|Any CPU
		{3518E8F1-3951-48BC-BE46-71C38150ECCC}.Debug|iPhoneSimulator.Deploy.0 = Debug|Any CPU
		{3518E8F1-3951-48BC-BE46-71C38150ECCC}.Release|Any CPU.ActiveCfg = Release|Any CPU
		{3518E8F1-3951-48BC-BE46-71C38150ECCC}.Release|Any CPU.Build.0 = Release|Any CPU
		{3518E8F1-3951-48BC-BE46-71C38150ECCC}.Release|Any CPU.Deploy.0 = Release|Any CPU
		{3518E8F1-3951-48BC-BE46-71C38150ECCC}.Release|iPhone.ActiveCfg = Release|Any CPU
		{3518E8F1-3951-48BC-BE46-71C38150ECCC}.Release|iPhone.Build.0 = Release|Any CPU
		{3518E8F1-3951-48BC-BE46-71C38150ECCC}.Release|iPhone.Deploy.0 = Release|Any CPU
		{3518E8F1-3951-48BC-BE46-71C38150ECCC}.Release|iPhoneSimulator.ActiveCfg = Release|Any CPU
		{3518E8F1-3951-48BC-BE46-71C38150ECCC}.Release|iPhoneSimulator.Build.0 = Release|Any CPU
		{3518E8F1-3951-48BC-BE46-71C38150ECCC}.Release|iPhoneSimulator.Deploy.0 = Release|Any CPU
		{D840CA7B-D47F-4992-A430-8D40945039A8}.Debug|Any CPU.ActiveCfg = Debug|iPhone
		{D840CA7B-D47F-4992-A430-8D40945039A8}.Debug|Any CPU.Build.0 = Debug|iPhone
		{D840CA7B-D47F-4992-A430-8D40945039A8}.Debug|Any CPU.Deploy.0 = Debug|iPhone
		{D840CA7B-D47F-4992-A430-8D40945039A8}.Debug|iPhone.ActiveCfg = Debug|iPhone
		{D840CA7B-D47F-4992-A430-8D40945039A8}.Debug|iPhone.Build.0 = Debug|iPhone
		{D840CA7B-D47F-4992-A430-8D40945039A8}.Debug|iPhone.Deploy.0 = Debug|iPhone
		{D840CA7B-D47F-4992-A430-8D40945039A8}.Debug|iPhoneSimulator.ActiveCfg = Debug|iPhoneSimulator
		{D840CA7B-D47F-4992-A430-8D40945039A8}.Debug|iPhoneSimulator.Build.0 = Debug|iPhoneSimulator
		{D840CA7B-D47F-4992-A430-8D40945039A8}.Debug|iPhoneSimulator.Deploy.0 = Debug|iPhoneSimulator
		{D840CA7B-D47F-4992-A430-8D40945039A8}.Release|Any CPU.ActiveCfg = Release|iPhoneSimulator
		{D840CA7B-D47F-4992-A430-8D40945039A8}.Release|Any CPU.Build.0 = Release|iPhoneSimulator
		{D840CA7B-D47F-4992-A430-8D40945039A8}.Release|Any CPU.Deploy.0 = Release|iPhoneSimulator
		{D840CA7B-D47F-4992-A430-8D40945039A8}.Release|iPhone.ActiveCfg = Release|iPhone
		{D840CA7B-D47F-4992-A430-8D40945039A8}.Release|iPhone.Build.0 = Release|iPhone
		{D840CA7B-D47F-4992-A430-8D40945039A8}.Release|iPhone.Deploy.0 = Release|iPhone
		{D840CA7B-D47F-4992-A430-8D40945039A8}.Release|iPhoneSimulator.ActiveCfg = Release|iPhoneSimulator
		{D840CA7B-D47F-4992-A430-8D40945039A8}.Release|iPhoneSimulator.Build.0 = Release|iPhoneSimulator
		{D840CA7B-D47F-4992-A430-8D40945039A8}.Release|iPhoneSimulator.Deploy.0 = Release|iPhoneSimulator
		{691A89D6-EC7C-4BF6-96B9-CACA7543F015}.Debug|Any CPU.ActiveCfg = Debug|Any CPU
		{691A89D6-EC7C-4BF6-96B9-CACA7543F015}.Debug|Any CPU.Build.0 = Debug|Any CPU
		{691A89D6-EC7C-4BF6-96B9-CACA7543F015}.Debug|Any CPU.Deploy.0 = Debug|Any CPU
		{691A89D6-EC7C-4BF6-96B9-CACA7543F015}.Debug|iPhone.ActiveCfg = Debug|Any CPU
		{691A89D6-EC7C-4BF6-96B9-CACA7543F015}.Debug|iPhone.Build.0 = Debug|Any CPU
		{691A89D6-EC7C-4BF6-96B9-CACA7543F015}.Debug|iPhone.Deploy.0 = Debug|Any CPU
		{691A89D6-EC7C-4BF6-96B9-CACA7543F015}.Debug|iPhoneSimulator.ActiveCfg = Debug|Any CPU
		{691A89D6-EC7C-4BF6-96B9-CACA7543F015}.Debug|iPhoneSimulator.Build.0 = Debug|Any CPU
		{691A89D6-EC7C-4BF6-96B9-CACA7543F015}.Debug|iPhoneSimulator.Deploy.0 = Debug|Any CPU
		{691A89D6-EC7C-4BF6-96B9-CACA7543F015}.Release|Any CPU.ActiveCfg = Release|Any CPU
		{691A89D6-EC7C-4BF6-96B9-CACA7543F015}.Release|Any CPU.Build.0 = Release|Any CPU
		{691A89D6-EC7C-4BF6-96B9-CACA7543F015}.Release|Any CPU.Deploy.0 = Release|Any CPU
		{691A89D6-EC7C-4BF6-96B9-CACA7543F015}.Release|iPhone.ActiveCfg = Release|Any CPU
		{691A89D6-EC7C-4BF6-96B9-CACA7543F015}.Release|iPhone.Build.0 = Release|Any CPU
		{691A89D6-EC7C-4BF6-96B9-CACA7543F015}.Release|iPhone.Deploy.0 = Release|Any CPU
		{691A89D6-EC7C-4BF6-96B9-CACA7543F015}.Release|iPhoneSimulator.ActiveCfg = Release|Any CPU
		{691A89D6-EC7C-4BF6-96B9-CACA7543F015}.Release|iPhoneSimulator.Build.0 = Release|Any CPU
		{691A89D6-EC7C-4BF6-96B9-CACA7543F015}.Release|iPhoneSimulator.Deploy.0 = Release|Any CPU
	EndGlobalSection
	GlobalSection(SolutionProperties) = preSolution
		HideSolutionNode = FALSE
	EndGlobalSection
	GlobalSection(ExtensibilityGlobals) = postSolution
		SolutionGuid = {9B2A5FFC-8DF9-4422-B7C9-B22CB7AA4858}
	EndGlobalSection
EndGlobal
